
Microsoft Visual Studio Solution File, Format Version 12.00
# Visual Studio Version 16
VisualStudioVersion = 16.0.30225.117
MinimumVisualStudioVersion = 10.0.40219.1
Project("{FAE04EC0-301F-11D3-BF4B-00C04F79EFBC}") = "task1", "task1\task1.csproj", "{C62610A2-AA05-493C-8CB5-73BCFAF53AED}"
EndProject
Global
	GlobalSection(SolutionConfigurationPlatforms) = preSolution
		Debug|Any CPU = Debug|Any CPU
		Release|Any CPU = Release|Any CPU
	EndGlobalSection
	GlobalSection(ProjectConfigurationPlatforms) = postSolution
		{C62610A2-AA05-493C-8CB5-73BCFAF53AED}.Debug|Any CPU.ActiveCfg = Debug|Any CPU
		{C62610A2-AA05-493C-8CB5-73BCFAF53AED}.Debug|Any CPU.Build.0 = Debug|Any CPU
		{C62610A2-AA05-493C-8CB5-73BCFAF53AED}.Release|Any CPU.ActiveCfg = Release|Any CPU
		{C62610A2-AA05-493C-8CB5-73BCFAF53AED}.Release|Any CPU.Build.0 = Release|Any CPU
	EndGlobalSection
	GlobalSection(SolutionProperties) = preSolution
		HideSolutionNode = FALSE
	EndGlobalSection
	GlobalSection(ExtensibilityGlobals) = postSolution
		SolutionGuid = {D38A2A8F-7FC9-46CD-A294-1355D6269971}
	EndGlobalSection
EndGlobal
